
Microsoft Visual Studio Solution File, Format Version 12.00
# Visual Studio 14
VisualStudioVersion = 14.0.25123.0
MinimumVisualStudioVersion = 10.0.40219.1
Project("{8BC9CEB8-8B4A-11D0-8D11-00A0C91BC942}") = "Vape Launcher", "Vape Launcher\Vape Launcher.vcxproj", "{D3E1760F-02AC-48EC-AA7B-F9ECB2F16D56}"
EndProject
Project("{8BC9CEB8-8B4A-11D0-8D11-00A0C91BC942}") = "Jar Injector", "Jar Injector\Jar Injector.vcxproj", "{6EB9FAE2-7DEE-4224-9A99-6846F7343F35}"
EndProject
Global
	GlobalSection(SolutionConfigurationPlatforms) = preSolution
		Debug|x64 = Debug|x64
		Debug|x86 = Debug|x86
		Release|x64 = Release|x64
		Release|x86 = Release|x86
	EndGlobalSection
	GlobalSection(ProjectConfigurationPlatforms) = postSolution
		{D3E1760F-02AC-48EC-AA7B-F9ECB2F16D56}.Debug|x64.ActiveCfg = Debug|x64
		{D3E1760F-02AC-48EC-AA7B-F9ECB2F16D56}.Debug|x64.Build.0 = Debug|x64
		{D3E1760F-02AC-48EC-AA7B-F9ECB2F16D56}.Debug|x86.ActiveCfg = Debug|Win32
		{D3E1760F-02AC-48EC-AA7B-F9ECB2F16D56}.Debug|x86.Build.0 = Debug|Win32
		{D3E1760F-02AC-48EC-AA7B-F9ECB2F16D56}.Release|x64.ActiveCfg = Release|x64
		{D3E1760F-02AC-48EC-AA7B-F9ECB2F16D56}.Release|x64.Build.0 = Release|x64
		{D3E1760F-02AC-48EC-AA7B-F9ECB2F16D56}.Release|x86.ActiveCfg = Release|Win32
		{D3E1760F-02AC-48EC-AA7B-F9ECB2F16D56}.Release|x86.Build.0 = Release|Win32
		{6EB9FAE2-7DEE-4224-9A99-6846F7343F35}.Debug|x64.ActiveCfg = Release|x64
		{6EB9FAE2-7DEE-4224-9A99-6846F7343F35}.Debug|x64.Build.0 = Release|x64
		{6EB9FAE2-7DEE-4224-9A99-6846F7343F35}.Debug|x86.ActiveCfg = Debug|Win32
		{6EB9FAE2-7DEE-4224-9A99-6846F7343F35}.Debug|x86.Build.0 = Debug|Win32
		{6EB9FAE2-7DEE-4224-9A99-6846F7343F35}.Release|x64.ActiveCfg = Release|x64
		{6EB9FAE2-7DEE-4224-9A99-6846F7343F35}.Release|x64.Build.0 = Release|x64
		{6EB9FAE2-7DEE-4224-9A99-6846F7343F35}.Release|x86.ActiveCfg = Release|Win32
		{6EB9FAE2-7DEE-4224-9A99-6846F7343F35}.Release|x86.Build.0 = Release|Win32
	EndGlobalSection
	GlobalSection(SolutionProperties) = preSolution
		HideSolutionNode = FALSE
	EndGlobalSection
EndGlobal
